
Microsoft Visual Studio Solution File, Format Version 12.00
# Visual Studio 15
VisualStudioVersion = 15.0.27130.2024
MinimumVisualStudioVersion = 10.0.40219.1
Project("{FAE04EC0-301F-11D3-BF4B-00C04F79EFBC}") = "sampCTL-installer", "sampCTL-installer\sampCTL-installer.csproj", "{941C64F3-0879-4191-A4D9-9D45B116AF5F}"
	ProjectSection(ProjectDependencies) = postProject
		{C6C69ADF-B784-4271-9B4B-B92E2FFA1DA5} = {C6C69ADF-B784-4271-9B4B-B92E2FFA1DA5}
	EndProjectSection
EndProject
Project("{FAE04EC0-301F-11D3-BF4B-00C04F79EFBC}") = "sampCTL-uninstaller", "sampCTL-uninstaller\sampCTL-uninstaller.csproj", "{C6C69ADF-B784-4271-9B4B-B92E2FFA1DA5}"
EndProject
Global
	GlobalSection(SolutionConfigurationPlatforms) = preSolution
		Debug|Any CPU = Debug|Any CPU
		Release|Any CPU = Release|Any CPU
	EndGlobalSection
	GlobalSection(ProjectConfigurationPlatforms) = postSolution
		{941C64F3-0879-4191-A4D9-9D45B116AF5F}.Debug|Any CPU.ActiveCfg = Debug|Any CPU
		{941C64F3-0879-4191-A4D9-9D45B116AF5F}.Debug|Any CPU.Build.0 = Debug|Any CPU
		{941C64F3-0879-4191-A4D9-9D45B116AF5F}.Release|Any CPU.ActiveCfg = Release|Any CPU
		{941C64F3-0879-4191-A4D9-9D45B116AF5F}.Release|Any CPU.Build.0 = Release|Any CPU
		{C6C69ADF-B784-4271-9B4B-B92E2FFA1DA5}.Debug|Any CPU.ActiveCfg = Debug|Any CPU
		{C6C69ADF-B784-4271-9B4B-B92E2FFA1DA5}.Debug|Any CPU.Build.0 = Debug|Any CPU
		{C6C69ADF-B784-4271-9B4B-B92E2FFA1DA5}.Release|Any CPU.ActiveCfg = Release|Any CPU
		{C6C69ADF-B784-4271-9B4B-B92E2FFA1DA5}.Release|Any CPU.Build.0 = Release|Any CPU
	EndGlobalSection
	GlobalSection(SolutionProperties) = preSolution
		HideSolutionNode = FALSE
	EndGlobalSection
	GlobalSection(ExtensibilityGlobals) = postSolution
		SolutionGuid = {6A39547A-8305-4E65-8D5C-107FE3CF1D6E}
	EndGlobalSection
EndGlobal
