
Microsoft Visual Studio Solution File, Format Version 12.00
# Visual Studio 15
VisualStudioVersion = 15.0.27130.2036
MinimumVisualStudioVersion = 10.0.40219.1
Project("{FAE04EC0-301F-11D3-BF4B-00C04F79EFBC}") = "SAMPCTLInstaller", "SAMPCTLInstaller\SAMPCTLInstaller.csproj", "{107B2B59-F9D6-4A1C-9D01-EC307B47A10B}"
EndProject
Project("{FAE04EC0-301F-11D3-BF4B-00C04F79EFBC}") = "SAMPCTLUninstaller", "SAMPCTLUninstaller\SAMPCTLUninstaller.csproj", "{84539059-9AB7-4922-86FC-045CE82667EE}"
EndProject
Global
	GlobalSection(SolutionConfigurationPlatforms) = preSolution
		Debug|Any CPU = Debug|Any CPU
		Release|Any CPU = Release|Any CPU
	EndGlobalSection
	GlobalSection(ProjectConfigurationPlatforms) = postSolution
		{107B2B59-F9D6-4A1C-9D01-EC307B47A10B}.Debug|Any CPU.ActiveCfg = Debug|Any CPU
		{107B2B59-F9D6-4A1C-9D01-EC307B47A10B}.Debug|Any CPU.Build.0 = Debug|Any CPU
		{107B2B59-F9D6-4A1C-9D01-EC307B47A10B}.Release|Any CPU.ActiveCfg = Release|Any CPU
		{107B2B59-F9D6-4A1C-9D01-EC307B47A10B}.Release|Any CPU.Build.0 = Release|Any CPU
		{84539059-9AB7-4922-86FC-045CE82667EE}.Debug|Any CPU.ActiveCfg = Debug|Any CPU
		{84539059-9AB7-4922-86FC-045CE82667EE}.Debug|Any CPU.Build.0 = Debug|Any CPU
		{84539059-9AB7-4922-86FC-045CE82667EE}.Release|Any CPU.ActiveCfg = Release|Any CPU
		{84539059-9AB7-4922-86FC-045CE82667EE}.Release|Any CPU.Build.0 = Release|Any CPU
	EndGlobalSection
	GlobalSection(SolutionProperties) = preSolution
		HideSolutionNode = FALSE
	EndGlobalSection
	GlobalSection(ExtensibilityGlobals) = postSolution
		SolutionGuid = {C5C11E0F-1000-455F-AC2E-FB1DF5093F4C}
	EndGlobalSection
EndGlobal
